
Microsoft Visual Studio Solution File, Format Version 12.00
# Visual Studio 15
Project("{FAE04EC0-301F-11D3-BF4B-00C04F79EFBC}") = "Skimur.Data", "src\Skimur.Data\Skimur.Data.csproj", "{620A2009-80A7-44C2-961A-11A727530745}"
EndProject
Project("{FAE04EC0-301F-11D3-BF4B-00C04F79EFBC}") = "Skimur.Web", "src\Skimur.Web\Skimur.Web.csproj", "{833BF931-33BA-4D46-A4CE-82DF139C2412}"
EndProject
Project("{FAE04EC0-301F-11D3-BF4B-00C04F79EFBC}") = "Skimur.Common", "src\Skimur.Common\Skimur.Common.csproj", "{F54E1CE2-2502-4FAB-B0B3-9FEB06038D96}"
EndProject
Project("{FAE04EC0-301F-11D3-BF4B-00C04F79EFBC}") = "Skimur.Logging", "src\Skimur.Logging\Skimur.Logging.csproj", "{210D41A3-8917-4B67-9F5B-263DFE051972}"
EndProject
Project("{FAE04EC0-301F-11D3-BF4B-00C04F79EFBC}") = "Skimur.Tasks", "src\Skimur.Tasks\Skimur.Tasks.csproj", "{E180B1D0-4B76-4464-8685-435D61D16164}"
EndProject
Project("{FAE04EC0-301F-11D3-BF4B-00C04F79EFBC}") = "Skimur.Backend", "src\Skimur.Backend\Skimur.Backend.csproj", "{895A5C41-65BB-4317-9AA1-5BCCBBAC6195}"
EndProject
Project("{FAE04EC0-301F-11D3-BF4B-00C04F79EFBC}") = "Skimur.Markdown", "src\Skimur.Markdown\Skimur.Markdown.csproj", "{F426B7FB-BBD6-45D0-BC81-B95A3E9EC6A7}"
EndProject
Project("{FAE04EC0-301F-11D3-BF4B-00C04F79EFBC}") = "Skimur", "src\Skimur\Skimur.csproj", "{0295E9FE-F5DF-435F-B1D4-1C31A81FF7B8}"
EndProject
Project("{FAE04EC0-301F-11D3-BF4B-00C04F79EFBC}") = "ServiceStack.Source", "libs\ServiceStack\src\ServiceStack\ServiceStack.Source.csproj", "{68085EFA-ADA6-4EC5-A709-79AAE15A2A9D}"
EndProject
Project("{FAE04EC0-301F-11D3-BF4B-00C04F79EFBC}") = "ServiceStack.Text", "libs\ServiceStack.Text\src\ServiceStack.Text\ServiceStack.Text.csproj", "{C4FE18B2-E05C-4112-B387-501BB435AD03}"
EndProject
Project("{FAE04EC0-301F-11D3-BF4B-00C04F79EFBC}") = "ServiceStack.RabbitMq", "libs\ServiceStack\src\ServiceStack.RabbitMq\ServiceStack.RabbitMq.csproj", "{060433B0-6348-413C-AC0C-B30AB568908E}"
EndProject
Project("{FAE04EC0-301F-11D3-BF4B-00C04F79EFBC}") = "ServiceStack.Common.Source", "libs\ServiceStack\src\ServiceStack.Common\ServiceStack.Common.Source.csproj", "{97B350DA-794C-4B26-A596-D1153D1AF7DA}"
EndProject
Project("{FAE04EC0-301F-11D3-BF4B-00C04F79EFBC}") = "ServiceStack.Interfaces", "libs\ServiceStack\src\ServiceStack.Interfaces\ServiceStack.Interfaces.csproj", "{CED3238A-4686-47C7-B61A-4507EC146D57}"
EndProject
Project("{FAE04EC0-301F-11D3-BF4B-00C04F79EFBC}") = "ServiceStack.OrmLite.Source", "libs\ServiceStack.OrmLite\src\ServiceStack.OrmLite\ServiceStack.OrmLite.Source.csproj", "{14F2BC0D-FF95-49AD-803F-36E421B497E5}"
EndProject
Project("{FAE04EC0-301F-11D3-BF4B-00C04F79EFBC}") = "ServiceStack.OrmLite.PostgreSQL.Source", "libs\ServiceStack.OrmLite\src\ServiceStack.OrmLite.PostgreSQL\ServiceStack.OrmLite.PostgreSQL.Source.csproj", "{155B1B17-41D9-41D9-9827-EF617CD7B107}"
EndProject
Project("{FAE04EC0-301F-11D3-BF4B-00C04F79EFBC}") = "ServiceStack.Redis.Source", "libs\ServiceStack.Redis\src\ServiceStack.Redis\ServiceStack.Redis.Source.csproj", "{213D7122-0D8B-4294-AC8E-4A2E720B16D4}"
EndProject
Global
	GlobalSection(SolutionConfigurationPlatforms) = preSolution
		Debug|Any CPU = Debug|Any CPU
		Release|Any CPU = Release|Any CPU
	EndGlobalSection
	GlobalSection(ProjectConfigurationPlatforms) = postSolution
		{620A2009-80A7-44C2-961A-11A727530745}.Debug|Any CPU.ActiveCfg = Debug|Any CPU
		{620A2009-80A7-44C2-961A-11A727530745}.Debug|Any CPU.Build.0 = Debug|Any CPU
		{620A2009-80A7-44C2-961A-11A727530745}.Release|Any CPU.ActiveCfg = Release|Any CPU
		{620A2009-80A7-44C2-961A-11A727530745}.Release|Any CPU.Build.0 = Release|Any CPU
		{833BF931-33BA-4D46-A4CE-82DF139C2412}.Debug|Any CPU.ActiveCfg = Debug|Any CPU
		{833BF931-33BA-4D46-A4CE-82DF139C2412}.Debug|Any CPU.Build.0 = Debug|Any CPU
		{833BF931-33BA-4D46-A4CE-82DF139C2412}.Release|Any CPU.ActiveCfg = Release|Any CPU
		{833BF931-33BA-4D46-A4CE-82DF139C2412}.Release|Any CPU.Build.0 = Release|Any CPU
		{F54E1CE2-2502-4FAB-B0B3-9FEB06038D96}.Debug|Any CPU.ActiveCfg = Debug|Any CPU
		{F54E1CE2-2502-4FAB-B0B3-9FEB06038D96}.Debug|Any CPU.Build.0 = Debug|Any CPU
		{F54E1CE2-2502-4FAB-B0B3-9FEB06038D96}.Release|Any CPU.ActiveCfg = Release|Any CPU
		{F54E1CE2-2502-4FAB-B0B3-9FEB06038D96}.Release|Any CPU.Build.0 = Release|Any CPU
		{210D41A3-8917-4B67-9F5B-263DFE051972}.Debug|Any CPU.ActiveCfg = Debug|Any CPU
		{210D41A3-8917-4B67-9F5B-263DFE051972}.Debug|Any CPU.Build.0 = Debug|Any CPU
		{210D41A3-8917-4B67-9F5B-263DFE051972}.Release|Any CPU.ActiveCfg = Release|Any CPU
		{210D41A3-8917-4B67-9F5B-263DFE051972}.Release|Any CPU.Build.0 = Release|Any CPU
		{E180B1D0-4B76-4464-8685-435D61D16164}.Debug|Any CPU.ActiveCfg = Debug|Any CPU
		{E180B1D0-4B76-4464-8685-435D61D16164}.Debug|Any CPU.Build.0 = Debug|Any CPU
		{E180B1D0-4B76-4464-8685-435D61D16164}.Release|Any CPU.ActiveCfg = Release|Any CPU
		{E180B1D0-4B76-4464-8685-435D61D16164}.Release|Any CPU.Build.0 = Release|Any CPU
		{D1D83F3D-D8CA-46A4-BDFF-D7B1C3BA75A9}.Debug|Any CPU.ActiveCfg = Debug|Any CPU
		{D1D83F3D-D8CA-46A4-BDFF-D7B1C3BA75A9}.Debug|Any CPU.Build.0 = Debug|Any CPU
		{D1D83F3D-D8CA-46A4-BDFF-D7B1C3BA75A9}.Release|Any CPU.ActiveCfg = Release|Any CPU
		{D1D83F3D-D8CA-46A4-BDFF-D7B1C3BA75A9}.Release|Any CPU.Build.0 = Release|Any CPU
		{895A5C41-65BB-4317-9AA1-5BCCBBAC6195}.Debug|Any CPU.ActiveCfg = Debug|Any CPU
		{895A5C41-65BB-4317-9AA1-5BCCBBAC6195}.Debug|Any CPU.Build.0 = Debug|Any CPU
		{895A5C41-65BB-4317-9AA1-5BCCBBAC6195}.Release|Any CPU.ActiveCfg = Release|Any CPU
		{895A5C41-65BB-4317-9AA1-5BCCBBAC6195}.Release|Any CPU.Build.0 = Release|Any CPU
		{F426B7FB-BBD6-45D0-BC81-B95A3E9EC6A7}.Debug|Any CPU.ActiveCfg = Debug|Any CPU
		{F426B7FB-BBD6-45D0-BC81-B95A3E9EC6A7}.Debug|Any CPU.Build.0 = Debug|Any CPU
		{F426B7FB-BBD6-45D0-BC81-B95A3E9EC6A7}.Release|Any CPU.ActiveCfg = Release|Any CPU
		{F426B7FB-BBD6-45D0-BC81-B95A3E9EC6A7}.Release|Any CPU.Build.0 = Release|Any CPU
		{0295E9FE-F5DF-435F-B1D4-1C31A81FF7B8}.Debug|Any CPU.ActiveCfg = Debug|Any CPU
		{0295E9FE-F5DF-435F-B1D4-1C31A81FF7B8}.Debug|Any CPU.Build.0 = Debug|Any CPU
		{0295E9FE-F5DF-435F-B1D4-1C31A81FF7B8}.Release|Any CPU.ActiveCfg = Release|Any CPU
		{0295E9FE-F5DF-435F-B1D4-1C31A81FF7B8}.Release|Any CPU.Build.0 = Release|Any CPU
		{68085EFA-ADA6-4EC5-A709-79AAE15A2A9D}.Debug|Any CPU.ActiveCfg = Debug|Any CPU
		{68085EFA-ADA6-4EC5-A709-79AAE15A2A9D}.Debug|Any CPU.Build.0 = Debug|Any CPU
		{68085EFA-ADA6-4EC5-A709-79AAE15A2A9D}.Release|Any CPU.ActiveCfg = Release|Any CPU
		{68085EFA-ADA6-4EC5-A709-79AAE15A2A9D}.Release|Any CPU.Build.0 = Release|Any CPU
		{C4FE18B2-E05C-4112-B387-501BB435AD03}.Debug|Any CPU.ActiveCfg = Debug|Any CPU
		{C4FE18B2-E05C-4112-B387-501BB435AD03}.Debug|Any CPU.Build.0 = Debug|Any CPU
		{C4FE18B2-E05C-4112-B387-501BB435AD03}.Release|Any CPU.ActiveCfg = Release|Any CPU
		{C4FE18B2-E05C-4112-B387-501BB435AD03}.Release|Any CPU.Build.0 = Release|Any CPU
		{060433B0-6348-413C-AC0C-B30AB568908E}.Debug|Any CPU.ActiveCfg = Debug|Any CPU
		{060433B0-6348-413C-AC0C-B30AB568908E}.Debug|Any CPU.Build.0 = Debug|Any CPU
		{060433B0-6348-413C-AC0C-B30AB568908E}.Release|Any CPU.ActiveCfg = Release|Any CPU
		{060433B0-6348-413C-AC0C-B30AB568908E}.Release|Any CPU.Build.0 = Release|Any CPU
		{97B350DA-794C-4B26-A596-D1153D1AF7DA}.Debug|Any CPU.ActiveCfg = Debug|Any CPU
		{97B350DA-794C-4B26-A596-D1153D1AF7DA}.Debug|Any CPU.Build.0 = Debug|Any CPU
		{97B350DA-794C-4B26-A596-D1153D1AF7DA}.Release|Any CPU.ActiveCfg = Release|Any CPU
		{97B350DA-794C-4B26-A596-D1153D1AF7DA}.Release|Any CPU.Build.0 = Release|Any CPU
		{CED3238A-4686-47C7-B61A-4507EC146D57}.Debug|Any CPU.ActiveCfg = Debug|Any CPU
		{CED3238A-4686-47C7-B61A-4507EC146D57}.Debug|Any CPU.Build.0 = Debug|Any CPU
		{CED3238A-4686-47C7-B61A-4507EC146D57}.Release|Any CPU.ActiveCfg = Release|Any CPU
		{CED3238A-4686-47C7-B61A-4507EC146D57}.Release|Any CPU.Build.0 = Release|Any CPU
		{14F2BC0D-FF95-49AD-803F-36E421B497E5}.Debug|Any CPU.ActiveCfg = Debug|Any CPU
		{14F2BC0D-FF95-49AD-803F-36E421B497E5}.Debug|Any CPU.Build.0 = Debug|Any CPU
		{14F2BC0D-FF95-49AD-803F-36E421B497E5}.Release|Any CPU.ActiveCfg = Release|Any CPU
		{14F2BC0D-FF95-49AD-803F-36E421B497E5}.Release|Any CPU.Build.0 = Release|Any CPU
		{155B1B17-41D9-41D9-9827-EF617CD7B107}.Debug|Any CPU.ActiveCfg = Debug|Any CPU
		{155B1B17-41D9-41D9-9827-EF617CD7B107}.Debug|Any CPU.Build.0 = Debug|Any CPU
		{155B1B17-41D9-41D9-9827-EF617CD7B107}.Release|Any CPU.ActiveCfg = Release|Any CPU
		{155B1B17-41D9-41D9-9827-EF617CD7B107}.Release|Any CPU.Build.0 = Release|Any CPU
		{213D7122-0D8B-4294-AC8E-4A2E720B16D4}.Debug|Any CPU.ActiveCfg = Debug|Any CPU
		{213D7122-0D8B-4294-AC8E-4A2E720B16D4}.Debug|Any CPU.Build.0 = Debug|Any CPU
		{213D7122-0D8B-4294-AC8E-4A2E720B16D4}.Release|Any CPU.ActiveCfg = Release|Any CPU
		{213D7122-0D8B-4294-AC8E-4A2E720B16D4}.Release|Any CPU.Build.0 = Release|Any CPU
	EndGlobalSection
EndGlobal
